
Microsoft Visual Studio Solution File, Format Version 12.00
# Visual Studio Version 17
VisualStudioVersion = 17.14.37012.4
MinimumVisualStudioVersion = 10.0.40219.1
Project("{F2A71F9B-5D33-465A-A702-920D77279786}") = "Excel_JSON_XML_To_DB", "Excel_JSON_XML_To_DB\Excel_JSON_XML_To_DB.fsproj", "{541AEEEE-9FBE-42FB-AE9D-BE8AF4BDB479}"
EndProject
Project("{F2A71F9B-5D33-465A-A702-920D77279786}") = "EmbeddedTP", "EmbeddedTP\EmbeddedTP.fsproj", "{F3B7391F-09D7-49DD-93F0-C813907DE02C}"
EndProject
Project("{F2A71F9B-5D33-465A-A702-920D77279786}") = "DB_To_Excel", "DB_To_Excel\DB_To_Excel.fsproj", "{5C68CCE5-680E-4C0E-8337-E2322126CF73}"
EndProject
Global
	GlobalSection(SolutionConfigurationPlatforms) = preSolution
		Debug|Any CPU = Debug|Any CPU
		Release|Any CPU = Release|Any CPU
	EndGlobalSection
	GlobalSection(ProjectConfigurationPlatforms) = postSolution
		{541AEEEE-9FBE-42FB-AE9D-BE8AF4BDB479}.Debug|Any CPU.ActiveCfg = Debug|Any CPU
		{541AEEEE-9FBE-42FB-AE9D-BE8AF4BDB479}.Debug|Any CPU.Build.0 = Debug|Any CPU
		{541AEEEE-9FBE-42FB-AE9D-BE8AF4BDB479}.Release|Any CPU.ActiveCfg = Release|Any CPU
		{541AEEEE-9FBE-42FB-AE9D-BE8AF4BDB479}.Release|Any CPU.Build.0 = Release|Any CPU
		{F3B7391F-09D7-49DD-93F0-C813907DE02C}.Debug|Any CPU.ActiveCfg = Debug|Any CPU
		{F3B7391F-09D7-49DD-93F0-C813907DE02C}.Debug|Any CPU.Build.0 = Debug|Any CPU
		{F3B7391F-09D7-49DD-93F0-C813907DE02C}.Release|Any CPU.ActiveCfg = Release|Any CPU
		{F3B7391F-09D7-49DD-93F0-C813907DE02C}.Release|Any CPU.Build.0 = Release|Any CPU
		{5C68CCE5-680E-4C0E-8337-E2322126CF73}.Debug|Any CPU.ActiveCfg = Debug|Any CPU
		{5C68CCE5-680E-4C0E-8337-E2322126CF73}.Debug|Any CPU.Build.0 = Debug|Any CPU
		{5C68CCE5-680E-4C0E-8337-E2322126CF73}.Release|Any CPU.ActiveCfg = Release|Any CPU
		{5C68CCE5-680E-4C0E-8337-E2322126CF73}.Release|Any CPU.Build.0 = Release|Any CPU
	EndGlobalSection
	GlobalSection(SolutionProperties) = preSolution
		HideSolutionNode = FALSE
	EndGlobalSection
	GlobalSection(ExtensibilityGlobals) = postSolution
		SolutionGuid = {ECA8136B-F7D9-4047-AEB9-D7AFDD3EA9EC}
	EndGlobalSection
EndGlobal
